// !$*UTF8*$!
{
	archiveVersion = 1;
	classes = {
	};
	objectVersion = 46;
	objects = {

/* Begin PBXBuildFile section */
		B11CD87D1D00FFF30094C938 /* AppDelegate.swift in Sources */ = {isa = PBXBuildFile; fileRef = B11CD87C1D00FFF30094C938 /* AppDelegate.swift */; };
		B11CD87F1D00FFF30094C938 /* ViewController.swift in Sources */ = {isa = PBXBuildFile; fileRef = B11CD87E1D00FFF30094C938 /* ViewController.swift */; };
		B11CD8821D00FFF30094C938 /* Main.storyboard in Resources */ = {isa = PBXBuildFile; fileRef = B11CD8801D00FFF30094C938 /* Main.storyboard */; };
		B11CD8841D00FFF30094C938 /* Assets.xcassets in Resources */ = {isa = PBXBuildFile; fileRef = B11CD8831D00FFF30094C938 /* Assets.xcassets */; };
		B11CD8871D00FFF30094C938 /* LaunchScreen.storyboard in Resources */ = {isa = PBXBuildFile; fileRef = B11CD8851D00FFF30094C938 /* LaunchScreen.storyboard */; };
		B11CD8921D00FFF30094C938 /* mailboxTests.swift in Sources */ = {isa = PBXBuildFile; fileRef = B11CD8911D00FFF30094C938 /* mailboxTests.swift */; };
		B11CD89D1D00FFF30094C938 /* mailboxUITests.swift in Sources */ = {isa = PBXBuildFile; fileRef = B11CD89C1D00FFF30094C938 /* mailboxUITests.swift */; };
		B11CD8AB1D0100EB0094C938 /* MailboxViewController.swift in Sources */ = {isa = PBXBuildFile; fileRef = B11CD8AA1D0100EB0094C938 /* MailboxViewController.swift */; };
/* End PBXBuildFile section */

/* Begin PBXContainerItemProxy section */
		B11CD88E1D00FFF30094C938 /* PBXContainerItemProxy */ = {
			isa = PBXContainerItemProxy;
			containerPortal = B11CD8711D00FFF30094C938 /* Project object */;
			proxyType = 1;
			remoteGlobalIDString = B11CD8781D00FFF30094C938;
			remoteInfo = mailbox;
		};
		B11CD8991D00FFF30094C938 /* PBXContainerItemProxy */ = {
			isa = PBXContainerItemProxy;
			containerPortal = B11CD8711D00FFF30094C938 /* Project object */;
			proxyType = 1;
			remoteGlobalIDString = B11CD8781D00FFF30094C938;
			remoteInfo = mailbox;
		};
/* End PBXContainerItemProxy section */

/* Begin PBXFileReference section */
		B11CD8791D00FFF30094C938 /* mailbox.app */ = {isa = PBXFileReference; explicitFileType = wrapper.application; includeInIndex = 0; path = mailbox.app; sourceTree = BUILT_PRODUCTS_DIR; };
		B11CD87C1D00FFF30094C938 /* AppDelegate.swift */ = {isa = PBXFileReference; lastKnownFileType = sourcecode.swift; path = AppDelegate.swift; sourceTree = "<group>"; };
		B11CD87E1D00FFF30094C938 /* ViewController.swift */ = {isa = PBXFileReference; lastKnownFileType = sourcecode.swift; path = ViewController.swift; sourceTree = "<group>"; };
		B11CD8811D00FFF30094C938 /* Base */ = {isa = PBXFileReference; lastKnownFileType = file.storyboard; name = Base; path = Base.lproj/Main.storyboard; sourceTree = "<group>"; };
		B11CD8831D00FFF30094C938 /* Assets.xcassets */ = {isa = PBXFileReference; lastKnownFileType = folder.assetcatalog; path = Assets.xcassets; sourceTree = "<group>"; };
		B11CD8861D00FFF30094C938 /* Base */ = {isa = PBXFileReference; lastKnownFileType = file.storyboard; name = Base; path = Base.lproj/LaunchScreen.storyboard; sourceTree = "<group>"; };
		B11CD8881D00FFF30094C938 /* Info.plist */ = {isa = PBXFileReference; lastKnownFileType = text.plist.xml; path = Info.plist; sourceTree = "<group>"; };
		B11CD88D1D00FFF30094C938 /* mailboxTests.xctest */ = {isa = PBXFileReference; explicitFileType = wrapper.cfbundle; includeInIndex = 0; path = mailboxTests.xctest; sourceTree = BUILT_PRODUCTS_DIR; };
		B11CD8911D00FFF30094C938 /* mailboxTests.swift */ = {isa = PBXFileReference; lastKnownFileType = sourcecode.swift; path = mailboxTests.swift; sourceTree = "<group>"; };
		B11CD8931D00FFF30094C938 /* Info.plist */ = {isa = PBXFileReference; lastKnownFileType = text.plist.xml; path = Info.plist; sourceTree = "<group>"; };
		B11CD8981D00FFF30094C938 /* mailboxUITests.xctest */ = {isa = PBXFileReference; explicitFileType = wrapper.cfbundle; includeInIndex = 0; path = mailboxUITests.xctest; sourceTree = BUILT_PRODUCTS_DIR; };
		B11CD89C1D00FFF30094C938 /* mailboxUITests.swift */ = {isa = PBXFileReference; lastKnownFileType = sourcecode.swift; path = mailboxUITests.swift; sourceTree = "<group>"; };
		B11CD89E1D00FFF30094C938 /* Info.plist */ = {isa = PBXFileReference; lastKnownFileType = text.plist.xml; path = Info.plist; sourceTree = "<group>"; };
		B11CD8AA1D0100EB0094C938 /* MailboxViewController.swift */ = {isa = PBXFileReference; fileEncoding = 4; lastKnownFileType = sourcecode.swift; path = MailboxViewController.swift; sourceTree = "<group>"; };
/* End PBXFileReference section */

/* Begin PBXFrameworksBuildPhase section */
		B11CD8761D00FFF30094C938 /* Frameworks */ = {
			isa = PBXFrameworksBuildPhase;
			buildActionMask = 2147483647;
			files = (
			);
			runOnlyForDeploymentPostprocessing = 0;
		};
		B11CD88A1D00FFF30094C938 /* Frameworks */ = {
			isa = PBXFrameworksBuildPhase;
			buildActionMask = 2147483647;
			files = (
			);
			runOnlyForDeploymentPostprocessing = 0;
		};
		B11CD8951D00FFF30094C938 /* Frameworks */ = {
			isa = PBXFrameworksBuildPhase;
			buildActionMask = 2147483647;
			files = (
			);
			runOnlyForDeploymentPostprocessing = 0;
		};
/* End PBXFrameworksBuildPhase section */

/* Begin PBXGroup section */
		B11CD8701D00FFF30094C938 = {
			isa = PBXGroup;
			children = (
				B11CD87B1D00FFF30094C938 /* mailbox */,
				B11CD8901D00FFF30094C938 /* mailboxTests */,
				B11CD89B1D00FFF30094C938 /* mailboxUITests */,
				B11CD87A1D00FFF30094C938 /* Products */,
			);
			sourceTree = "<group>";
		};
		B11CD87A1D00FFF30094C938 /* Products */ = {
			isa = PBXGroup;
			children = (
				B11CD8791D00FFF30094C938 /* mailbox.app */,
				B11CD88D1D00FFF30094C938 /* mailboxTests.xctest */,
				B11CD8981D00FFF30094C938 /* mailboxUITests.xctest */,
			);
			name = Products;
			sourceTree = "<group>";
		};
		B11CD87B1D00FFF30094C938 /* mailbox */ = {
			isa = PBXGroup;
			children = (
				B11CD87C1D00FFF30094C938 /* AppDelegate.swift */,
				B11CD87E1D00FFF30094C938 /* ViewController.swift */,
				B11CD8801D00FFF30094C938 /* Main.storyboard */,
				B11CD8831D00FFF30094C938 /* Assets.xcassets */,
				B11CD8851D00FFF30094C938 /* LaunchScreen.storyboard */,
				B11CD8881D00FFF30094C938 /* Info.plist */,
				B11CD8AA1D0100EB0094C938 /* MailboxViewController.swift */,
			);
			path = mailbox;
			sourceTree = "<group>";
		};
		B11CD8901D00FFF30094C938 /* mailboxTests */ = {
			isa = PBXGroup;
			children = (
				B11CD8911D00FFF30094C938 /* mailboxTests.swift */,
				B11CD8931D00FFF30094C938 /* Info.plist */,
			);
			path = mailboxTests;
			sourceTree = "<group>";
		};
		B11CD89B1D00FFF30094C938 /* mailboxUITests */ = {
			isa = PBXGroup;
			children = (
				B11CD89C1D00FFF30094C938 /* mailboxUITests.swift */,
				B11CD89E1D00FFF30094C938 /* Info.plist */,
			);
			path = mailboxUITests;
			sourceTree = "<group>";
		};
/* End PBXGroup section */

/* Begin PBXNativeTarget section */
		B11CD8781D00FFF30094C938 /* mailbox */ = {
			isa = PBXNativeTarget;
			buildConfigurationList = B11CD8A11D00FFF30094C938 /* Build configuration list for PBXNativeTarget "mailbox" */;
			buildPhases = (
				B11CD8751D00FFF30094C938 /* Sources */,
				B11CD8761D00FFF30094C938 /* Frameworks */,
				B11CD8771D00FFF30094C938 /* Resources */,
			);
			buildRules = (
			);
			dependencies = (
			);
			name = mailbox;
			productName = mailbox;
			productReference = B11CD8791D00FFF30094C938 /* mailbox.app */;
			productType = "com.apple.product-type.application";
		};
		B11CD88C1D00FFF30094C938 /* mailboxTests */ = {
			isa = PBXNativeTarget;
			buildConfigurationList = B11CD8A41D00FFF30094C938 /* Build configuration list for PBXNativeTarget "mailboxTests" */;
			buildPhases = (
				B11CD8891D00FFF30094C938 /* Sources */,
				B11CD88A1D00FFF30094C938 /* Frameworks */,
				B11CD88B1D00FFF30094C938 /* Resources */,
			);
			buildRules = (
			);
			dependencies = (
				B11CD88F1D00FFF30094C938 /* PBXTargetDependency */,
			);
			name = mailboxTests;
			productName = mailboxTests;
			productReference = B11CD88D1D00FFF30094C938 /* mailboxTests.xctest */;
			productType = "com.apple.product-type.bundle.unit-test";
		};
		B11CD8971D00FFF30094C938 /* mailboxUITests */ = {
			isa = PBXNativeTarget;
			buildConfigurationList = B11CD8A71D00FFF30094C938 /* Build configuration list for PBXNativeTarget "mailboxUITests" */;
			buildPhases = (
				B11CD8941D00FFF30094C938 /* Sources */,
				B11CD8951D00FFF30094C938 /* Frameworks */,
				B11CD8961D00FFF30094C938 /* Resources */,
			);
			buildRules = (
			);
			dependencies = (
				B11CD89A1D00FFF30094C938 /* PBXTargetDependency */,
			);
			name = mailboxUITests;
			productName = mailboxUITests;
			productReference = B11CD8981D00FFF30094C938 /* mailboxUITests.xctest */;
			productType = "com.apple.product-type.bundle.ui-testing";
		};
/* End PBXNativeTarget section */

/* Begin PBXProject section */
		B11CD8711D00FFF30094C938 /* Project object */ = {
			isa = PBXProject;
			attributes = {
				LastSwiftUpdateCheck = 0720;
				LastUpgradeCheck = 0720;
				ORGANIZATIONNAME = "Nicholas Wallen";
				TargetAttributes = {
					B11CD8781D00FFF30094C938 = {
						CreatedOnToolsVersion = 7.2.1;
					};
					B11CD88C1D00FFF30094C938 = {
						CreatedOnToolsVersion = 7.2.1;
						TestTargetID = B11CD8781D00FFF30094C938;
					};
					B11CD8971D00FFF30094C938 = {
						CreatedOnToolsVersion = 7.2.1;
						TestTargetID = B11CD8781D00FFF30094C938;
					};
				};
			};
			buildConfigurationList = B11CD8741D00FFF30094C938 /* Build configuration list for PBXProject "mailbox" */;
			compatibilityVersion = "Xcode 3.2";
			developmentRegion = English;
			hasScannedForEncodings = 0;
			knownRegions = (
				en,
				Base,
			);
			mainGroup = B11CD8701D00FFF30094C938;
			productRefGroup = B11CD87A1D00FFF30094C938 /* Products */;
			projectDirPath = "";
			projectRoot = "";
			targets = (
				B11CD8781D00FFF30094C938 /* mailbox */,
				B11CD88C1D00FFF30094C938 /* mailboxTests */,
				B11CD8971D00FFF30094C938 /* mailboxUITests */,
			);
		};
/* End PBXProject section */

/* Begin PBXResourcesBuildPhase section */
		B11CD8771D00FFF30094C938 /* Resources */ = {
			isa = PBXResourcesBuildPhase;
			buildActionMask = 2147483647;
			files = (
				B11CD8871D00FFF30094C938 /* LaunchScreen.storyboard in Resources */,
				B11CD8841D00FFF30094C938 /* Assets.xcassets in Resources */,
				B11CD8821D00FFF30094C938 /* Main.storyboard in Resources */,
			);
			runOnlyForDeploymentPostprocessing = 0;
		};
		B11CD88B1D00FFF30094C938 /* Resources */ = {
			isa = PBXResourcesBuildPhase;
			buildActionMask = 2147483647;
			files = (
			);
			runOnlyForDeploymentPostprocessing = 0;
		};
		B11CD8961D00FFF30094C938 /* Resources */ = {
			isa = PBXResourcesBuildPhase;
			buildActionMask = 2147483647;
			files = (
			);
			runOnlyForDeploymentPostprocessing = 0;
		};
/* End PBXResourcesBuildPhase section */

/* Begin PBXSourcesBuildPhase section */
		B11CD8751D00FFF30094C938 /* Sources */ = {
			isa = PBXSourcesBuildPhase;
			buildActionMask = 2147483647;
			files = (
				B11CD87F1D00FFF30094C938 /* ViewController.swift in Sources */,
				B11CD87D1D00FFF30094C938 /* AppDelegate.swift in Sources */,
				B11CD8AB1D0100EB0094C938 /* MailboxViewController.swift in Sources */,
			);
			runOnlyForDeploymentPostprocessing = 0;
		};
		B11CD8891D00FFF30094C938 /* Sources */ = {
			isa = PBXSourcesBuildPhase;
			buildActionMask = 2147483647;
			files = (
				B11CD8921D00FFF30094C938 /* mailboxTests.swift in Sources */,
			);
			runOnlyForDeploymentPostprocessing = 0;
		};
		B11CD8941D00FFF30094C938 /* Sources */ = {
			isa = PBXSourcesBuildPhase;
			buildActionMask = 2147483647;
			files = (
				B11CD89D1D00FFF30094C938 /* mailboxUITests.swift in Sources */,
			);
			runOnlyForDeploymentPostprocessing = 0;
		};
/* End PBXSourcesBuildPhase section */

/* Begin PBXTargetDependency section */
		B11CD88F1D00FFF30094C938 /* PBXTargetDependency */ = {
			isa = PBXTargetDependency;
			target = B11CD8781D00FFF30094C938 /* mailbox */;
			targetProxy = B11CD88E1D00FFF30094C938 /* PBXContainerItemProxy */;
		};
		B11CD89A1D00FFF30094C938 /* PBXTargetDependency */ = {
			isa = PBXTargetDependency;
			target = B11CD8781D00FFF30094C938 /* mailbox */;
			targetProxy = B11CD8991D00FFF30094C938 /* PBXContainerItemProxy */;
		};
/* End PBXTargetDependency section */

/* Begin PBXVariantGroup section */
		B11CD8801D00FFF30094C938 /* Main.storyboard */ = {
			isa = PBXVariantGroup;
			children = (
				B11CD8811D00FFF30094C938 /* Base */,
			);
			name = Main.storyboard;
			sourceTree = "<group>";
		};
		B11CD8851D00FFF30094C938 /* LaunchScreen.storyboard */ = {
			isa = PBXVariantGroup;
			children = (
				B11CD8861D00FFF30094C938 /* Base */,
			);
			name = LaunchScreen.storyboard;
			sourceTree = "<group>";
		};
/* End PBXVariantGroup section */

/* Begin XCBuildConfiguration section */
		B11CD89F1D00FFF30094C938 /* Debug */ = {
			isa = XCBuildConfiguration;
			buildSettings = {
				ALWAYS_SEARCH_USER_PATHS = NO;
				CLANG_CXX_LANGUAGE_STANDARD = "gnu++0x";
				CLANG_CXX_LIBRARY = "libc++";
				CLANG_ENABLE_MODULES = YES;
				CLANG_ENABLE_OBJC_ARC = YES;
				CLANG_WARN_BOOL_CONVERSION = YES;
				CLANG_WARN_CONSTANT_CONVERSION = YES;
				CLANG_WARN_DIRECT_OBJC_ISA_USAGE = YES_ERROR;
				CLANG_WARN_EMPTY_BODY = YES;
				CLANG_WARN_ENUM_CONVERSION = YES;
				CLANG_WARN_INT_CONVERSION = YES;
				CLANG_WARN_OBJC_ROOT_CLASS = YES_ERROR;
				CLANG_WARN_UNREACHABLE_CODE = YES;
				CLANG_WARN__DUPLICATE_METHOD_MATCH = YES;
				"CODE_SIGN_IDENTITY[sdk=iphoneos*]" = "iPhone Developer";
				COPY_PHASE_STRIP = NO;
				DEBUG_INFORMATION_FORMAT = dwarf;
				ENABLE_STRICT_OBJC_MSGSEND = YES;
				ENABLE_TESTABILITY = YES;
				GCC_C_LANGUAGE_STANDARD = gnu99;
				GCC_DYNAMIC_NO_PIC = NO;
				GCC_NO_COMMON_BLOCKS = YES;
				GCC_OPTIMIZATION_LEVEL = 0;
				GCC_PREPROCESSOR_DEFINITIONS = (
					"DEBUG=1",
					"$(inherited)",
				);
				GCC_WARN_64_TO_32_BIT_CONVERSION = YES;
				GCC_WARN_ABOUT_RETURN_TYPE = YES_ERROR;
				GCC_WARN_UNDECLARED_SELECTOR = YES;
				GCC_WARN_UNINITIALIZED_AUTOS = YES_AGGRESSIVE;
				GCC_WARN_UNUSED_FUNCTION = YES;
				GCC_WARN_UNUSED_VARIABLE = YES;
				IPHONEOS_DEPLOYMENT_TARGET = 9.2;
				MTL_ENABLE_DEBUG_INFO = YES;
				ONLY_ACTIVE_ARCH = YES;
				SDKROOT = iphoneos;
				SWIFT_OPTIMIZATION_LEVEL = "-Onone";
			};
			name = Debug;
		};
		B11CD8A01D00FFF30094C938 /* Release */ = {
			isa = XCBuildConfiguration;
			buildSettings = {
				ALWAYS_SEARCH_USER_PATHS = NO;
				CLANG_CXX_LANGUAGE_STANDARD = "gnu++0x";
				CLANG_CXX_LIBRARY = "libc++";
				CLANG_ENABLE_MODULES = YES;
				CLANG_ENABLE_OBJC_ARC = YES;
				CLANG_WARN_BOOL_CONVERSION = YES;
				CLANG_WARN_CONSTANT_CONVERSION = YES;
				CLANG_WARN_DIRECT_OBJC_ISA_USAGE = YES_ERROR;
				CLANG_WARN_EMPTY_BODY = YES;
				CLANG_WARN_ENUM_CONVERSION = YES;
				CLANG_WARN_INT_CONVERSION = YES;
				CLANG_WARN_OBJC_ROOT_CLASS = YES_ERROR;
				CLANG_WARN_UNREACHABLE_CODE = YES;
				CLANG_WARN__DUPLICATE_METHOD_MATCH = YES;
				"CODE_SIGN_IDENTITY[sdk=iphoneos*]" = "iPhone Developer";
				COPY_PHASE_STRIP = NO;
				DEBUG_INFORMATION_FORMAT = "dwarf-with-dsym";
				ENABLE_NS_ASSERTIONS = NO;
				ENABLE_STRICT_OBJC_MSGSEND = YES;
				GCC_C_LANGUAGE_STANDARD = gnu99;
				GCC_NO_COMMON_BLOCKS = YES;
				GCC_WARN_64_TO_32_BIT_CONVERSION = YES;
				GCC_WARN_ABOUT_RETURN_TYPE = YES_ERROR;
				GCC_WARN_UNDECLARED_SELECTOR = YES;
				GCC_WARN_UNINITIALIZED_AUTOS = YES_AGGRESSIVE;
				GCC_WARN_UNUSED_FUNCTION = YES;
				GCC_WARN_UNUSED_VARIABLE = YES;
				IPHONEOS_DEPLOYMENT_TARGET = 9.2;
				MTL_ENABLE_DEBUG_INFO = NO;
				SDKROOT = iphoneos;
				VALIDATE_PRODUCT = YES;
			};
			name = Release;
		};
		B11CD8A21D00FFF30094C938 /* Debug */ = {
			isa = XCBuildConfiguration;
			buildSettings = {
				ASSETCATALOG_COMPILER_APPICON_NAME = AppIcon;
				INFOPLIST_FILE = mailbox/Info.plist;
				LD_RUNPATH_SEARCH_PATHS = "$(inherited) @executable_path/Frameworks";
				PRODUCT_BUNDLE_IDENTIFIER = com.nicholaswallen.mailbox;
				PRODUCT_NAME = "$(TARGET_NAME)";
			};
			name = Debug;
		};
		B11CD8A31D00FFF30094C938 /* Release */ = {
			isa = XCBuildConfiguration;
			buildSettings = {
				ASSETCATALOG_COMPILER_APPICON_NAME = AppIcon;
				INFOPLIST_FILE = mailbox/Info.plist;
				LD_RUNPATH_SEARCH_PATHS = "$(inherited) @executable_path/Frameworks";
				PRODUCT_BUNDLE_IDENTIFIER = com.nicholaswallen.mailbox;
				PRODUCT_NAME = "$(TARGET_NAME)";
			};
			name = Release;
		};
		B11CD8A51D00FFF30094C938 /* Debug */ = {
			isa = XCBuildConfiguration;
			buildSettings = {
				BUNDLE_LOADER = "$(TEST_HOST)";
				INFOPLIST_FILE = mailboxTests/Info.plist;
				LD_RUNPATH_SEARCH_PATHS = "$(inherited) @executable_path/Frameworks @loader_path/Frameworks";
				PRODUCT_BUNDLE_IDENTIFIER = com.nicholaswallen.mailboxTests;
				PRODUCT_NAME = "$(TARGET_NAME)";
				TEST_HOST = "$(BUILT_PRODUCTS_DIR)/mailbox.app/mailbox";
			};
			name = Debug;
		};
		B11CD8A61D00FFF30094C938 /* Release */ = {
			isa = XCBuildConfiguration;
			buildSettings = {
				BUNDLE_LOADER = "$(TEST_HOST)";
				INFOPLIST_FILE = mailboxTests/Info.plist;
				LD_RUNPATH_SEARCH_PATHS = "$(inherited) @executable_path/Frameworks @loader_path/Frameworks";
				PRODUCT_BUNDLE_IDENTIFIER = com.nicholaswallen.mailboxTests;
				PRODUCT_NAME = "$(TARGET_NAME)";
				TEST_HOST = "$(BUILT_PRODUCTS_DIR)/mailbox.app/mailbox";
			};
			name = Release;
		};
		B11CD8A81D00FFF30094C938 /* Debug */ = {
			isa = XCBuildConfiguration;
			buildSettings = {
				INFOPLIST_FILE = mailboxUITests/Info.plist;
				LD_RUNPATH_SEARCH_PATHS = "$(inherited) @executable_path/Frameworks @loader_path/Frameworks";
				PRODUCT_BUNDLE_IDENTIFIER = com.nicholaswallen.mailboxUITests;
				PRODUCT_NAME = "$(TARGET_NAME)";
				TEST_TARGET_NAME = mailbox;
				USES_XCTRUNNER = YES;
			};
			name = Debug;
		};
		B11CD8A91D00FFF30094C938 /* Release */ = {
			isa = XCBuildConfiguration;
			buildSettings = {
				INFOPLIST_FILE = mailboxUITests/Info.plist;
				LD_RUNPATH_SEARCH_PATHS = "$(inherited) @executable_path/Frameworks @loader_path/Frameworks";
				PRODUCT_BUNDLE_IDENTIFIER = com.nicholaswallen.mailboxUITests;
				PRODUCT_NAME = "$(TARGET_NAME)";
				TEST_TARGET_NAME = mailbox;
				USES_XCTRUNNER = YES;
			};
			name = Release;
		};
/* End XCBuildConfiguration section */

/* Begin XCConfigurationList section */
		B11CD8741D00FFF30094C938 /* Build configuration list for PBXProject "mailbox" */ = {
			isa = XCConfigurationList;
			buildConfigurations = (
				B11CD89F1D00FFF30094C938 /* Debug */,
				B11CD8A01D00FFF30094C938 /* Release */,
			);
			defaultConfigurationIsVisible = 0;
			defaultConfigurationName = Release;
		};
		B11CD8A11D00FFF30094C938 /* Build configuration list for PBXNativeTarget "mailbox" */ = {
			isa = XCConfigurationList;
			buildConfigurations = (
				B11CD8A21D00FFF30094C938 /* Debug */,
				B11CD8A31D00FFF30094C938 /* Release */,
			);
			defaultConfigurationIsVisible = 0;
		};
		B11CD8A41D00FFF30094C938 /* Build configuration list for PBXNativeTarget "mailboxTests" */ = {
			isa = XCConfigurationList;
			buildConfigurations = (
				B11CD8A51D00FFF30094C938 /* Debug */,
				B11CD8A61D00FFF30094C938 /* Release */,
			);
			defaultConfigurationIsVisible = 0;
		};
		B11CD8A71D00FFF30094C938 /* Build configuration list for PBXNativeTarget "mailboxUITests" */ = {
			isa = XCConfigurationList;
			buildConfigurations = (
				B11CD8A81D00FFF30094C938 /* Debug */,
				B11CD8A91D00FFF30094C938 /* Release */,
			);
			defaultConfigurationIsVisible = 0;
		};
/* End XCConfigurationList section */
	};
	rootObject = B11CD8711D00FFF30094C938 /* Project object */;
}
